# THIS IS AN AUTOGENERATED FILE. DO NOT EDIT THIS FILE DIRECTLY.
# yarn lockfile v1


"@now/node@^1.1.2":
  version "1.1.2"
  resolved "https://registry.yarnpkg.com/@now/node/-/node-1.1.2.tgz#32039b2b69d2bce12726b5364c9f4d4ac7384c30"
  integrity sha512-+v81cTJ4bsXVUgjw17bVs+hJcwOGMzJdEUcHT3Ac1bfbwNdPANWS79LQ627K4NV5zA/tkJ4JArlgou0gPqGtJw==
  dependencies:
    "@types/node" "*"

"@slack/logger@>=1.0.0 <3.0.0":
  version "2.0.0"
  resolved "https://registry.yarnpkg.com/@slack/logger/-/logger-2.0.0.tgz#6a4e1c755849bc0f66dac08a8be54ce790ec0e6b"
  integrity sha512-OkIJpiU2fz6HOJujhlhfIGrc8hB4ibqtf7nnbJQDerG0BqwZCfmgtK5sWzZ0TkXVRBKD5MpLrTmCYyMxoMCgPw==
  dependencies:
    "@types/node" ">=8.9.0"

"@slack/types@^1.2.1":
  version "1.2.1"
  resolved "https://registry.yarnpkg.com/@slack/types/-/types-1.2.1.tgz#132d50d02efb452c9a58573964b22f5f18ab9b1a"
  integrity sha512-NyGh7MibW+a0OHkwwOPlv63hC639dzQdkFy4dj0tl4sAdZR4OBaE/OhXixKhCzcT3kJsPXaQmvkUN7sqSf52iA==

"@slack/web-api@^5.5.0":
  version "5.5.0"
  resolved "https://registry.yarnpkg.com/@slack/web-api/-/web-api-5.5.0.tgz#b542f4a3500e79da93fae1a751dc5f8ffab2df14"
  integrity sha512-XBlUXIeWJLnfJakWiWzfpkRaEy7amGXOCWbblHT3ndJ/BIAIcLf1JOvnQOupBT85RC3/8IWKRCrcMDzNNAbxyA==
  dependencies:
    "@slack/logger" ">=1.0.0 <3.0.0"
    "@slack/types" "^1.2.1"
    "@types/is-stream" "^1.1.0"
    "@types/node" ">=8.9.0"
    "@types/p-queue" "^2.3.2"
    axios "^0.18.0"
    eventemitter3 "^3.1.0"
    form-data "^2.5.0"
    is-stream "^1.1.0"
    p-queue "^2.4.2"
    p-retry "^4.0.0"

"@types/bson@*":
  version "4.0.1"
  resolved "https://registry.yarnpkg.com/@types/bson/-/bson-4.0.1.tgz#2bfc80819e7055b76d5496d5344ed23e5d12bbb2"
  integrity sha512-K6VAEdLVJFBxKp8m5cRTbUfeZpuSvOuLKJLrgw9ANIXo00RiyGzgH4BKWWR4F520gV4tWmxG7q9sKQRVDuzrBw==
  dependencies:
    "@types/node" "*"

"@types/is-stream@^1.1.0":
  version "1.1.0"
  resolved "https://registry.yarnpkg.com/@types/is-stream/-/is-stream-1.1.0.tgz#b84d7bb207a210f2af9bed431dc0fbe9c4143be1"
  integrity sha512-jkZatu4QVbR60mpIzjINmtS1ZF4a/FqdTUTBeQDVOQ2PYyidtwFKr0B5G6ERukKwliq+7mIXvxyppwzG5EgRYg==
  dependencies:
    "@types/node" "*"

"@types/mongodb@^3.3.11":
  version "3.3.11"
  resolved "https://registry.yarnpkg.com/@types/mongodb/-/mongodb-3.3.11.tgz#8db69d44cd3845a8867452c2a9b7f449fe65f1fc"
  integrity sha512-i8mUMYzFYzUpH4a7IBbdOD/87/kyQHvOVAL8J8hvX+E6SQbPd83d+xkpPtRZlRELtjZFqyQMlEcxW+zfMw32vQ==
  dependencies:
    "@types/bson" "*"
    "@types/node" "*"

"@types/node@*", "@types/node@>=8.9.0":
  version "12.12.11"
  resolved "https://registry.yarnpkg.com/@types/node/-/node-12.12.11.tgz#bec2961975888d964196bf0016a2f984d793d3ce"
  integrity sha512-O+x6uIpa6oMNTkPuHDa9MhMMehlxLAd5QcOvKRjAFsBVpeFWTOPnXbDvILvFgFFZfQ1xh1EZi1FbXxUix+zpsQ==

"@types/p-queue@^2.3.2":
  version "2.3.2"
  resolved "https://registry.yarnpkg.com/@types/p-queue/-/p-queue-2.3.2.tgz#16bc5fece69ef85efaf2bce8b13f3ebe39c5a1c8"
  integrity sha512-eKAv5Ql6k78dh3ULCsSBxX6bFNuGjTmof5Q/T6PiECDq0Yf8IIn46jCyp3RJvCi8owaEmm3DZH1PEImjBMd/vQ==

"@types/retry@^0.12.0":
  version "0.12.0"
  resolved "https://registry.yarnpkg.com/@types/retry/-/retry-0.12.0.tgz#2b35eccfcee7d38cd72ad99232fbd58bffb3c84d"
  integrity sha512-wWKOClTTiizcZhXnPY4wikVAwmdYHp8q6DmC+EJUzAMsycb7HB32Kh9RN4+0gExjmPmZSAQjgURXIGATPegAvA==

asynckit@^0.4.0:
  version "0.4.0"
  resolved "https://registry.yarnpkg.com/asynckit/-/asynckit-0.4.0.tgz#c79ed97f7f34cb8f2ba1bc9790bcc366474b4b79"
  integrity sha1-x57Zf380y48robyXkLzDZkdLS3k=

axios@^0.18.0:
  version "0.18.1"
  resolved "https://registry.yarnpkg.com/axios/-/axios-0.18.1.tgz#ff3f0de2e7b5d180e757ad98000f1081b87bcea3"
  integrity sha512-0BfJq4NSfQXd+SkFdrvFbG7addhYSBA2mQwISr46pD6E5iqkWg02RAs8vyTT/j0RTnoYmeXauBuSv1qKwR179g==
  dependencies:
    follow-redirects "1.5.10"
    is-buffer "^2.0.2"

bson@^1.1.1:
  version "1.1.3"
  resolved "https://registry.yarnpkg.com/bson/-/bson-1.1.3.tgz#aa82cb91f9a453aaa060d6209d0675114a8154d3"
  integrity sha512-TdiJxMVnodVS7r0BdL42y/pqC9cL2iKynVwA0Ho3qbsQYr428veL3l7BQyuqiw+Q5SqqoT0m4srSY/BlZ9AxXg==

combined-stream@^1.0.6:
  version "1.0.8"
  resolved "https://registry.yarnpkg.com/combined-stream/-/combined-stream-1.0.8.tgz#c3d45a8b34fd730631a110a8a2520682b31d5a7f"
  integrity sha512-FQN4MRfuJeHf7cBbBMJFXhKSDq+2kAArBlmRBvcvFE5BB1HZKXtSFASDhdlz9zOYwxh8lDdnvmMOe/+5cdoEdg==
  dependencies:
    delayed-stream "~1.0.0"

dayjs@^1.8.17:
  version "1.8.17"
  resolved "https://registry.yarnpkg.com/dayjs/-/dayjs-1.8.17.tgz#53ec413f2a7b02afbea1846d61bb260fa8567cea"
  integrity sha512-47VY/htqYqr9GHd7HW/h56PpQzRBSJcxIQFwqL3P20bMF/3az5c3PWdVY3LmPXFl6cQCYHL7c79b9ov+2bOBbw==

debug@=3.1.0:
  version "3.1.0"
  resolved "https://registry.yarnpkg.com/debug/-/debug-3.1.0.tgz#5bb5a0672628b64149566ba16819e61518c67261"
  integrity sha512-OX8XqP7/1a9cqkxYw2yXss15f26NKWBpDXQd0/uK/KPqdQhxbPa994hnzjcE2VqQpDslf55723cKPUOGSmMY3g==
  dependencies:
    ms "2.0.0"

delayed-stream@~1.0.0:
  version "1.0.0"
  resolved "https://registry.yarnpkg.com/delayed-stream/-/delayed-stream-1.0.0.tgz#df3ae199acadfb7d440aaae0b29e2272b24ec619"
  integrity sha1-3zrhmayt+31ECqrgsp4icrJOxhk=

eventemitter3@^3.1.0:
  version "3.1.2"
  resolved "https://registry.yarnpkg.com/eventemitter3/-/eventemitter3-3.1.2.tgz#2d3d48f9c346698fce83a85d7d664e98535df6e7"
  integrity sha512-tvtQIeLVHjDkJYnzf2dgVMxfuSGJeM/7UCG17TT4EumTfNtF+0nebF/4zWOIkCreAbtNqhGEboB6BWrwqNaw4Q==

follow-redirects@1.5.10:
  version "1.5.10"
  resolved "https://registry.yarnpkg.com/follow-redirects/-/follow-redirects-1.5.10.tgz#7b7a9f9aea2fdff36786a94ff643ed07f4ff5e2a"
  integrity sha512-0V5l4Cizzvqt5D44aTXbFZz+FtyXV1vrDN6qrelxtfYQKW0KO0W2T/hkE8xvGa/540LkZlkaUjO4ailYTFtHVQ==
  dependencies:
    debug "=3.1.0"

form-data@^2.5.0:
  version "2.5.1"
  resolved "https://registry.yarnpkg.com/form-data/-/form-data-2.5.1.tgz#f2cbec57b5e59e23716e128fe44d4e5dd23895f4"
  integrity sha512-m21N3WOmEEURgk6B9GLOE4RuWOFf28Lhh9qGYeNlGq4VDXUlJy2th2slBNU8Gp8EzloYZOibZJ7t5ecIrFSjVA==
  dependencies:
    asynckit "^0.4.0"
    combined-stream "^1.0.6"
    mime-types "^2.1.12"

is-buffer@^2.0.2:
  version "2.0.4"
  resolved "https://registry.yarnpkg.com/is-buffer/-/is-buffer-2.0.4.tgz#3e572f23c8411a5cfd9557c849e3665e0b290623"
  integrity sha512-Kq1rokWXOPXWuaMAqZiJW4XxsmD9zGx9q4aePabbn3qCRGedtH7Cm+zV8WETitMfu1wdh+Rvd6w5egwSngUX2A==

is-stream@^1.1.0:
  version "1.1.0"
  resolved "https://registry.yarnpkg.com/is-stream/-/is-stream-1.1.0.tgz#12d4a3dd4e68e0b79ceb8dbc84173ae80d91ca44"
  integrity sha1-EtSj3U5o4Lec6428hBc66A2RykQ=

memory-pager@^1.0.2:
  version "1.5.0"
  resolved "https://registry.yarnpkg.com/memory-pager/-/memory-pager-1.5.0.tgz#d8751655d22d384682741c972f2c3d6dfa3e66b5"
  integrity sha512-ZS4Bp4r/Zoeq6+NLJpP+0Zzm0pR8whtGPf1XExKLJBAczGMnSi3It14OiNCStjQjM6NU1okjQGSxgEZN8eBYKg==

mime-db@1.42.0:
  version "1.42.0"
  resolved "https://registry.yarnpkg.com/mime-db/-/mime-db-1.42.0.tgz#3e252907b4c7adb906597b4b65636272cf9e7bac"
  integrity sha512-UbfJCR4UAVRNgMpfImz05smAXK7+c+ZntjaA26ANtkXLlOe947Aag5zdIcKQULAiF9Cq4WxBi9jUs5zkA84bYQ==

mime-types@^2.1.12:
  version "2.1.25"
  resolved "https://registry.yarnpkg.com/mime-types/-/mime-types-2.1.25.tgz#39772d46621f93e2a80a856c53b86a62156a6437"
  integrity sha512-5KhStqB5xpTAeGqKBAMgwaYMnQik7teQN4IAzC7npDv6kzeU6prfkR67bc87J1kWMPGkoaZSq1npmexMgkmEVg==
  dependencies:
    mime-db "1.42.0"

mongodb@^3.3.4:
  version "3.3.4"
  resolved "https://registry.yarnpkg.com/mongodb/-/mongodb-3.3.4.tgz#f52eec4a04005101e63715d4d1f67bf784fa0aef"
  integrity sha512-6fmHu3FJTpeZxacJcfjUGIP3BSteG0l2cxLkSrf1nnnS1OrlnVGiP9P/wAC4aB6dM6H4vQ2io8YDjkuPkje7AA==
  dependencies:
    bson "^1.1.1"
    require_optional "^1.0.1"
    safe-buffer "^5.1.2"
  optionalDependencies:
    saslprep "^1.0.0"

ms@2.0.0:
  version "2.0.0"
  resolved "https://registry.yarnpkg.com/ms/-/ms-2.0.0.tgz#5608aeadfc00be6c2901df5f9861788de0d597c8"
  integrity sha1-VgiurfwAvmwpAd9fmGF4jeDVl8g=

node-fetch@^2.6.0:
  version "2.6.0"
  resolved "https://registry.yarnpkg.com/node-fetch/-/node-fetch-2.6.0.tgz#e633456386d4aa55863f676a7ab0daa8fdecb0fd"
  integrity sha512-8dG4H5ujfvFiqDmVu9fQ5bOHUC15JMjMY/Zumv26oOvvVJjM67KF8koCWIabKQ1GJIa9r2mMZscBq/TbdOcmNA==

now@^16.5.2:
  version "16.5.2"
  resolved "https://registry.yarnpkg.com/now/-/now-16.5.2.tgz#0c19c2d1197dcd2aed2dc08fd9610383fcea96a7"
  integrity sha512-Pv8HMpeTaiLLoNh93Poy5GbiM0oc/CPo1ZXa+o70Nd/ospRaLg7gaFtpZH+My/vS9+xWTDq7hmHjXPCXPtD/pg==

p-queue@^2.4.2:
  version "2.4.2"
  resolved "https://registry.yarnpkg.com/p-queue/-/p-queue-2.4.2.tgz#03609826682b743be9a22dba25051bd46724fc34"
  integrity sha512-n8/y+yDJwBjoLQe1GSJbbaYQLTI7QHNZI2+rpmCDbe++WLf9HC3gf6iqj5yfPAV71W4UF3ql5W1+UBPXoXTxng==

p-retry@^4.0.0:
  version "4.2.0"
  resolved "https://registry.yarnpkg.com/p-retry/-/p-retry-4.2.0.tgz#ea9066c6b44f23cab4cd42f6147cdbbc6604da5d"
  integrity sha512-jPH38/MRh263KKcq0wBNOGFJbm+U6784RilTmHjB/HM9kH9V8WlCpVUcdOmip9cjXOh6MxZ5yk1z2SjDUJfWmA==
  dependencies:
    "@types/retry" "^0.12.0"
    retry "^0.12.0"

require_optional@^1.0.1:
  version "1.0.1"
  resolved "https://registry.yarnpkg.com/require_optional/-/require_optional-1.0.1.tgz#4cf35a4247f64ca3df8c2ef208cc494b1ca8fc2e"
  integrity sha512-qhM/y57enGWHAe3v/NcwML6a3/vfESLe/sGM2dII+gEO0BpKRUkWZow/tyloNqJyN6kXSl3RyyM8Ll5D/sJP8g==
  dependencies:
    resolve-from "^2.0.0"
    semver "^5.1.0"

resolve-from@^2.0.0:
  version "2.0.0"
  resolved "https://registry.yarnpkg.com/resolve-from/-/resolve-from-2.0.0.tgz#9480ab20e94ffa1d9e80a804c7ea147611966b57"
  integrity sha1-lICrIOlP+h2egKgEx+oUdhGWa1c=

retry@^0.12.0:
  version "0.12.0"
  resolved "https://registry.yarnpkg.com/retry/-/retry-0.12.0.tgz#1b42a6266a21f07421d1b0b54b7dc167b01c013b"
  integrity sha1-G0KmJmoh8HQh0bC1S33BZ7AcATs=

safe-buffer@^5.1.2:
  version "5.2.0"
  resolved "https://registry.yarnpkg.com/safe-buffer/-/safe-buffer-5.2.0.tgz#b74daec49b1148f88c64b68d49b1e815c1f2f519"
  integrity sha512-fZEwUGbVl7kouZs1jCdMLdt95hdIv0ZeHg6L7qPeciMZhZ+/gdesW4wgTARkrFWEpspjEATAzUGPG8N2jJiwbg==

saslprep@^1.0.0:
  version "1.0.3"
  resolved "https://registry.yarnpkg.com/saslprep/-/saslprep-1.0.3.tgz#4c02f946b56cf54297e347ba1093e7acac4cf226"
  integrity sha512-/MY/PEMbk2SuY5sScONwhUDsV2p77Znkb/q3nSVstq/yQzYJOH/Azh29p9oJLsl3LnQwSvZDKagDGBsBwSooag==
  dependencies:
    sparse-bitfield "^3.0.3"

semver@^5.1.0:
  version "5.7.1"
  resolved "https://registry.yarnpkg.com/semver/-/semver-5.7.1.tgz#a954f931aeba508d307bbf069eff0c01c96116f7"
  integrity sha512-sauaDf/PZdVgrLTNYHRtpXa1iRiKcaebiKQ1BJdpQlWH2lCvexQdX55snPFyK7QzpudqbCI0qXFfOasHdyNDGQ==

sparse-bitfield@^3.0.3:
  version "3.0.3"
  resolved "https://registry.yarnpkg.com/sparse-bitfield/-/sparse-bitfield-3.0.3.tgz#ff4ae6e68656056ba4b3e792ab3334d38273ca11"
  integrity sha1-/0rm5oZWBWuks+eSqzM004JzyhE=
  dependencies:
    memory-pager "^1.0.2"
